
Microsoft Visual Studio Solution File, Format Version 11.00
# Visual Studio 2010
Project("{8BC9CEB8-8B4A-11D0-8D11-00A0C91BC942}") = "BezCurve", "BezCurve\BezCurve.vcxproj", "{C6983A97-FD8D-48D3-8673-E89F84AC98DA}"
EndProject
Global
	GlobalSection(SolutionConfigurationPlatforms) = preSolution
		Debug|Win32 = Debug|Win32
		Release|Win32 = Release|Win32
	EndGlobalSection
	GlobalSection(ProjectConfigurationPlatforms) = postSolution
		{C6983A97-FD8D-48D3-8673-E89F84AC98DA}.Debug|Win32.ActiveCfg = Debug|Win32
		{C6983A97-FD8D-48D3-8673-E89F84AC98DA}.Debug|Win32.Build.0 = Debug|Win32
		{C6983A97-FD8D-48D3-8673-E89F84AC98DA}.Release|Win32.ActiveCfg = Release|Win32
		{C6983A97-FD8D-48D3-8673-E89F84AC98DA}.Release|Win32.Build.0 = Release|Win32
	EndGlobalSection
	GlobalSection(SolutionProperties) = preSolution
		HideSolutionNode = FALSE
	EndGlobalSection
EndGlobal
