
Microsoft Visual Studio Solution File, Format Version 11.00
# Visual Studio 2010
Project("{8BC9CEB8-8B4A-11D0-8D11-00A0C91BC942}") = "texture_bind", "texture_bind\texture_bind.vcxproj", "{F88F2F3B-8174-4C50-8BED-D032DC9E6C0E}"
EndProject
Global
	GlobalSection(SolutionConfigurationPlatforms) = preSolution
		Debug|Win32 = Debug|Win32
		Release|Win32 = Release|Win32
	EndGlobalSection
	GlobalSection(ProjectConfigurationPlatforms) = postSolution
		{F88F2F3B-8174-4C50-8BED-D032DC9E6C0E}.Debug|Win32.ActiveCfg = Debug|Win32
		{F88F2F3B-8174-4C50-8BED-D032DC9E6C0E}.Debug|Win32.Build.0 = Debug|Win32
		{F88F2F3B-8174-4C50-8BED-D032DC9E6C0E}.Release|Win32.ActiveCfg = Release|Win32
		{F88F2F3B-8174-4C50-8BED-D032DC9E6C0E}.Release|Win32.Build.0 = Release|Win32
	EndGlobalSection
	GlobalSection(SolutionProperties) = preSolution
		HideSolutionNode = FALSE
	EndGlobalSection
EndGlobal
