
Microsoft Visual Studio Solution File, Format Version 11.00
# Visual Studio 2010
Project("{8BC9CEB8-8B4A-11D0-8D11-00A0C91BC942}") = "vertex_shader", "vertex_shader\vertex_shader.vcxproj", "{625752EF-6FEF-4F27-A13C-35DB9B88C080}"
EndProject
Global
	GlobalSection(SolutionConfigurationPlatforms) = preSolution
		Debug|Win32 = Debug|Win32
		Release|Win32 = Release|Win32
	EndGlobalSection
	GlobalSection(ProjectConfigurationPlatforms) = postSolution
		{625752EF-6FEF-4F27-A13C-35DB9B88C080}.Debug|Win32.ActiveCfg = Debug|Win32
		{625752EF-6FEF-4F27-A13C-35DB9B88C080}.Debug|Win32.Build.0 = Debug|Win32
		{625752EF-6FEF-4F27-A13C-35DB9B88C080}.Release|Win32.ActiveCfg = Release|Win32
		{625752EF-6FEF-4F27-A13C-35DB9B88C080}.Release|Win32.Build.0 = Release|Win32
	EndGlobalSection
	GlobalSection(SolutionProperties) = preSolution
		HideSolutionNode = FALSE
	EndGlobalSection
EndGlobal
